<Solution>
  <Configurations>
    <Platform Name="x64" />
    <Platform Name="x86" />
  </Configurations>
  <Project Path="../cinema_business/cinema_business.vcxproj" Id="2aea8c09-8621-4e51-b905-a0426d90646a" />
  <Project Path="../cinema_logic/cinema_logic.vcxproj" Id="f6a24492-814c-4dc5-9277-1b4eeca6ee4e" />
  <Project Path="cinema_presentation.vcxproj" Id="6043a8f4-ade3-486a-800a-f006543a6ce0" />
</Solution>
